// !$*UTF8*$!
{
	archiveVersion = 1;
	classes = {
	};
	objectVersion = 56;
	objects = {

/* Begin PBXBuildFile section */
		C1B2F3102BA09DD6006DB866 /* Color+Extension.swift in Sources */ = {isa = PBXBuildFile; fileRef = C1B2F30F2BA09DD6006DB866 /* Color+Extension.swift */; };
		F80BB06F2BA04968004A2556 /* HistoryView.swift in Sources */ = {isa = PBXBuildFile; fileRef = F80BB06E2BA04968004A2556 /* HistoryView.swift */; };
		F80BB0A72BA05D2B004A2556 /* OrderClass.swift in Sources */ = {isa = PBXBuildFile; fileRef = F80BB0A62BA05D2B004A2556 /* OrderClass.swift */; };
		F80BB0A92BA074AD004A2556 /* camera.swift in Sources */ = {isa = PBXBuildFile; fileRef = F80BB0A82BA074AD004A2556 /* camera.swift */; };
		F80BB0AC2BA07557004A2556 /* CodeScanner in Frameworks */ = {isa = PBXBuildFile; productRef = F80BB0AB2BA07557004A2556 /* CodeScanner */; };
		F80BB0AE2BA075F0004A2556 /* data.swift in Sources */ = {isa = PBXBuildFile; fileRef = F80BB0AD2BA075F0004A2556 /* data.swift */; };
		F80BB0B02BA0894F004A2556 /* loginUI.swift in Sources */ = {isa = PBXBuildFile; fileRef = F80BB0AF2BA0894F004A2556 /* loginUI.swift */; };
		F8A42E482BA023EB00D5376B /* Login_FormApp.swift in Sources */ = {isa = PBXBuildFile; fileRef = F8A42E472BA023EB00D5376B /* Login_FormApp.swift */; };
		F8A42E4A2BA023EB00D5376B /* ContentView.swift in Sources */ = {isa = PBXBuildFile; fileRef = F8A42E492BA023EB00D5376B /* ContentView.swift */; };
		F8A42E4C2BA023EC00D5376B /* Assets.xcassets in Resources */ = {isa = PBXBuildFile; fileRef = F8A42E4B2BA023EC00D5376B /* Assets.xcassets */; };
		F8A42E4F2BA023EC00D5376B /* Preview Assets.xcassets in Resources */ = {isa = PBXBuildFile; fileRef = F8A42E4E2BA023EC00D5376B /* Preview Assets.xcassets */; };
		F8A42E592BA023EC00D5376B /* Login_FormTests.swift in Sources */ = {isa = PBXBuildFile; fileRef = F8A42E582BA023EC00D5376B /* Login_FormTests.swift */; };
		F8A42E632BA023EC00D5376B /* Login_FormUITests.swift in Sources */ = {isa = PBXBuildFile; fileRef = F8A42E622BA023EC00D5376B /* Login_FormUITests.swift */; };
		F8A42E652BA023EC00D5376B /* Login_FormUITestsLaunchTests.swift in Sources */ = {isa = PBXBuildFile; fileRef = F8A42E642BA023EC00D5376B /* Login_FormUITestsLaunchTests.swift */; };
		F8C6701E2BA03F70000E1EFB /* History.swift in Sources */ = {isa = PBXBuildFile; fileRef = F8C6701D2BA03F70000E1EFB /* History.swift */; };
/* End PBXBuildFile section */

/* Begin PBXContainerItemProxy section */
		F8A42E552BA023EC00D5376B /* PBXContainerItemProxy */ = {
			isa = PBXContainerItemProxy;
			containerPortal = F8A42E3C2BA023EB00D5376B /* Project object */;
			proxyType = 1;
			remoteGlobalIDString = F8A42E432BA023EB00D5376B;
			remoteInfo = "Login Form";
		};
		F8A42E5F2BA023EC00D5376B /* PBXContainerItemProxy */ = {
			isa = PBXContainerItemProxy;
			containerPortal = F8A42E3C2BA023EB00D5376B /* Project object */;
			proxyType = 1;
			remoteGlobalIDString = F8A42E432BA023EB00D5376B;
			remoteInfo = "Login Form";
		};
/* End PBXContainerItemProxy section */

/* Begin PBXFileReference section */
		C1B2F30F2BA09DD6006DB866 /* Color+Extension.swift */ = {isa = PBXFileReference; lastKnownFileType = sourcecode.swift; path = "Color+Extension.swift"; sourceTree = "<group>"; };
		F80BB06E2BA04968004A2556 /* HistoryView.swift */ = {isa = PBXFileReference; lastKnownFileType = sourcecode.swift; path = HistoryView.swift; sourceTree = "<group>"; };
		F80BB0A62BA05D2B004A2556 /* OrderClass.swift */ = {isa = PBXFileReference; lastKnownFileType = sourcecode.swift; path = OrderClass.swift; sourceTree = "<group>"; };
		F80BB0A82BA074AD004A2556 /* camera.swift */ = {isa = PBXFileReference; lastKnownFileType = sourcecode.swift; path = camera.swift; sourceTree = "<group>"; };
		F80BB0AD2BA075F0004A2556 /* data.swift */ = {isa = PBXFileReference; lastKnownFileType = sourcecode.swift; path = data.swift; sourceTree = "<group>"; };
		F80BB0AF2BA0894F004A2556 /* loginUI.swift */ = {isa = PBXFileReference; lastKnownFileType = sourcecode.swift; path = loginUI.swift; sourceTree = "<group>"; };
		F8A42E442BA023EB00D5376B /* Login Form.app */ = {isa = PBXFileReference; explicitFileType = wrapper.application; includeInIndex = 0; path = "Login Form.app"; sourceTree = BUILT_PRODUCTS_DIR; };
		F8A42E472BA023EB00D5376B /* Login_FormApp.swift */ = {isa = PBXFileReference; lastKnownFileType = sourcecode.swift; path = Login_FormApp.swift; sourceTree = "<group>"; };
		F8A42E492BA023EB00D5376B /* ContentView.swift */ = {isa = PBXFileReference; lastKnownFileType = sourcecode.swift; path = ContentView.swift; sourceTree = "<group>"; };
		F8A42E4B2BA023EC00D5376B /* Assets.xcassets */ = {isa = PBXFileReference; lastKnownFileType = folder.assetcatalog; path = Assets.xcassets; sourceTree = "<group>"; };
		F8A42E4E2BA023EC00D5376B /* Preview Assets.xcassets */ = {isa = PBXFileReference; lastKnownFileType = folder.assetcatalog; path = "Preview Assets.xcassets"; sourceTree = "<group>"; };
		F8A42E542BA023EC00D5376B /* Login FormTests.xctest */ = {isa = PBXFileReference; explicitFileType = wrapper.cfbundle; includeInIndex = 0; path = "Login FormTests.xctest"; sourceTree = BUILT_PRODUCTS_DIR; };
		F8A42E582BA023EC00D5376B /* Login_FormTests.swift */ = {isa = PBXFileReference; lastKnownFileType = sourcecode.swift; path = Login_FormTests.swift; sourceTree = "<group>"; };
		F8A42E5E2BA023EC00D5376B /* Login FormUITests.xctest */ = {isa = PBXFileReference; explicitFileType = wrapper.cfbundle; includeInIndex = 0; path = "Login FormUITests.xctest"; sourceTree = BUILT_PRODUCTS_DIR; };
		F8A42E622BA023EC00D5376B /* Login_FormUITests.swift */ = {isa = PBXFileReference; lastKnownFileType = sourcecode.swift; path = Login_FormUITests.swift; sourceTree = "<group>"; };
		F8A42E642BA023EC00D5376B /* Login_FormUITestsLaunchTests.swift */ = {isa = PBXFileReference; lastKnownFileType = sourcecode.swift; path = Login_FormUITestsLaunchTests.swift; sourceTree = "<group>"; };
		F8C6701D2BA03F70000E1EFB /* History.swift */ = {isa = PBXFileReference; lastKnownFileType = sourcecode.swift; path = History.swift; sourceTree = "<group>"; };
/* End PBXFileReference section */

/* Begin PBXFrameworksBuildPhase section */
		F8A42E412BA023EB00D5376B /* Frameworks */ = {
			isa = PBXFrameworksBuildPhase;
			buildActionMask = 2147483647;
			files = (
				F80BB0AC2BA07557004A2556 /* CodeScanner in Frameworks */,
			);
			runOnlyForDeploymentPostprocessing = 0;
		};
		F8A42E512BA023EC00D5376B /* Frameworks */ = {
			isa = PBXFrameworksBuildPhase;
			buildActionMask = 2147483647;
			files = (
			);
			runOnlyForDeploymentPostprocessing = 0;
		};
		F8A42E5B2BA023EC00D5376B /* Frameworks */ = {
			isa = PBXFrameworksBuildPhase;
			buildActionMask = 2147483647;
			files = (
			);
			runOnlyForDeploymentPostprocessing = 0;
		};
/* End PBXFrameworksBuildPhase section */

/* Begin PBXGroup section */
		F8A42E3B2BA023EB00D5376B = {
			isa = PBXGroup;
			children = (
				F8A42E462BA023EB00D5376B /* Login Form */,
				F8A42E572BA023EC00D5376B /* Login FormTests */,
				F8A42E612BA023EC00D5376B /* Login FormUITests */,
				F8A42E452BA023EB00D5376B /* Products */,
			);
			sourceTree = "<group>";
		};
		F8A42E452BA023EB00D5376B /* Products */ = {
			isa = PBXGroup;
			children = (
				F8A42E442BA023EB00D5376B /* Login Form.app */,
				F8A42E542BA023EC00D5376B /* Login FormTests.xctest */,
				F8A42E5E2BA023EC00D5376B /* Login FormUITests.xctest */,
			);
			name = Products;
			sourceTree = "<group>";
		};
		F8A42E462BA023EB00D5376B /* Login Form */ = {
			isa = PBXGroup;
			children = (
				F8A42E472BA023EB00D5376B /* Login_FormApp.swift */,
				F8A42E492BA023EB00D5376B /* ContentView.swift */,
				F8C6701D2BA03F70000E1EFB /* History.swift */,
				C1B2F30F2BA09DD6006DB866 /* Color+Extension.swift */,
				F80BB06E2BA04968004A2556 /* HistoryView.swift */,
				F80BB0A62BA05D2B004A2556 /* OrderClass.swift */,
				F8A42E4B2BA023EC00D5376B /* Assets.xcassets */,
				F80BB0A82BA074AD004A2556 /* camera.swift */,
				F8A42E4D2BA023EC00D5376B /* Preview Content */,
				F80BB0AD2BA075F0004A2556 /* data.swift */,
				F80BB0AF2BA0894F004A2556 /* loginUI.swift */,
			);
			path = "Login Form";
			sourceTree = "<group>";
		};
		F8A42E4D2BA023EC00D5376B /* Preview Content */ = {
			isa = PBXGroup;
			children = (
				F8A42E4E2BA023EC00D5376B /* Preview Assets.xcassets */,
			);
			path = "Preview Content";
			sourceTree = "<group>";
		};
		F8A42E572BA023EC00D5376B /* Login FormTests */ = {
			isa = PBXGroup;
			children = (
				F8A42E582BA023EC00D5376B /* Login_FormTests.swift */,
			);
			path = "Login FormTests";
			sourceTree = "<group>";
		};
		F8A42E612BA023EC00D5376B /* Login FormUITests */ = {
			isa = PBXGroup;
			children = (
				F8A42E622BA023EC00D5376B /* Login_FormUITests.swift */,
				F8A42E642BA023EC00D5376B /* Login_FormUITestsLaunchTests.swift */,
			);
			path = "Login FormUITests";
			sourceTree = "<group>";
		};
/* End PBXGroup section */

/* Begin PBXNativeTarget section */
		F8A42E432BA023EB00D5376B /* Login Form */ = {
			isa = PBXNativeTarget;
			buildConfigurationList = F8A42E682BA023EC00D5376B /* Build configuration list for PBXNativeTarget "Login Form" */;
			buildPhases = (
				F8A42E402BA023EB00D5376B /* Sources */,
				F8A42E412BA023EB00D5376B /* Frameworks */,
				F8A42E422BA023EB00D5376B /* Resources */,
			);
			buildRules = (
			);
			dependencies = (
			);
			name = "Login Form";
			packageProductDependencies = (
				F80BB0AB2BA07557004A2556 /* CodeScanner */,
			);
			productName = "Login Form";
			productReference = F8A42E442BA023EB00D5376B /* Login Form.app */;
			productType = "com.apple.product-type.application";
		};
		F8A42E532BA023EC00D5376B /* Login FormTests */ = {
			isa = PBXNativeTarget;
			buildConfigurationList = F8A42E6B2BA023EC00D5376B /* Build configuration list for PBXNativeTarget "Login FormTests" */;
			buildPhases = (
				F8A42E502BA023EC00D5376B /* Sources */,
				F8A42E512BA023EC00D5376B /* Frameworks */,
				F8A42E522BA023EC00D5376B /* Resources */,
			);
			buildRules = (
			);
			dependencies = (
				F8A42E562BA023EC00D5376B /* PBXTargetDependency */,
			);
			name = "Login FormTests";
			productName = "Login FormTests";
			productReference = F8A42E542BA023EC00D5376B /* Login FormTests.xctest */;
			productType = "com.apple.product-type.bundle.unit-test";
		};
		F8A42E5D2BA023EC00D5376B /* Login FormUITests */ = {
			isa = PBXNativeTarget;
			buildConfigurationList = F8A42E6E2BA023EC00D5376B /* Build configuration list for PBXNativeTarget "Login FormUITests" */;
			buildPhases = (
				F8A42E5A2BA023EC00D5376B /* Sources */,
				F8A42E5B2BA023EC00D5376B /* Frameworks */,
				F8A42E5C2BA023EC00D5376B /* Resources */,
			);
			buildRules = (
			);
			dependencies = (
				F8A42E602BA023EC00D5376B /* PBXTargetDependency */,
			);
			name = "Login FormUITests";
			productName = "Login FormUITests";
			productReference = F8A42E5E2BA023EC00D5376B /* Login FormUITests.xctest */;
			productType = "com.apple.product-type.bundle.ui-testing";
		};
/* End PBXNativeTarget section */

/* Begin PBXProject section */
		F8A42E3C2BA023EB00D5376B /* Project object */ = {
			isa = PBXProject;
			attributes = {
				BuildIndependentTargetsInParallel = 1;
				LastSwiftUpdateCheck = 1520;
				LastUpgradeCheck = 1520;
				TargetAttributes = {
					F8A42E432BA023EB00D5376B = {
						CreatedOnToolsVersion = 15.2;
					};
					F8A42E532BA023EC00D5376B = {
						CreatedOnToolsVersion = 15.2;
						TestTargetID = F8A42E432BA023EB00D5376B;
					};
					F8A42E5D2BA023EC00D5376B = {
						CreatedOnToolsVersion = 15.2;
						TestTargetID = F8A42E432BA023EB00D5376B;
					};
				};
			};
			buildConfigurationList = F8A42E3F2BA023EB00D5376B /* Build configuration list for PBXProject "Login Form" */;
			compatibilityVersion = "Xcode 14.0";
			developmentRegion = en;
			hasScannedForEncodings = 0;
			knownRegions = (
				en,
				Base,
			);
			mainGroup = F8A42E3B2BA023EB00D5376B;
			packageReferences = (
				F80BB0AA2BA07557004A2556 /* XCRemoteSwiftPackageReference "CodeScanner" */,
			);
			productRefGroup = F8A42E452BA023EB00D5376B /* Products */;
			projectDirPath = "";
			projectRoot = "";
			targets = (
				F8A42E432BA023EB00D5376B /* Login Form */,
				F8A42E532BA023EC00D5376B /* Login FormTests */,
				F8A42E5D2BA023EC00D5376B /* Login FormUITests */,
			);
		};
/* End PBXProject section */

/* Begin PBXResourcesBuildPhase section */
		F8A42E422BA023EB00D5376B /* Resources */ = {
			isa = PBXResourcesBuildPhase;
			buildActionMask = 2147483647;
			files = (
				F8A42E4F2BA023EC00D5376B /* Preview Assets.xcassets in Resources */,
				F8A42E4C2BA023EC00D5376B /* Assets.xcassets in Resources */,
			);
			runOnlyForDeploymentPostprocessing = 0;
		};
		F8A42E522BA023EC00D5376B /* Resources */ = {
			isa = PBXResourcesBuildPhase;
			buildActionMask = 2147483647;
			files = (
			);
			runOnlyForDeploymentPostprocessing = 0;
		};
		F8A42E5C2BA023EC00D5376B /* Resources */ = {
			isa = PBXResourcesBuildPhase;
			buildActionMask = 2147483647;
			files = (
			);
			runOnlyForDeploymentPostprocessing = 0;
		};
/* End PBXResourcesBuildPhase section */

/* Begin PBXSourcesBuildPhase section */
		F8A42E402BA023EB00D5376B /* Sources */ = {
			isa = PBXSourcesBuildPhase;
			buildActionMask = 2147483647;
			files = (
				F80BB0A92BA074AD004A2556 /* camera.swift in Sources */,
				C1B2F3102BA09DD6006DB866 /* Color+Extension.swift in Sources */,
				F8A42E4A2BA023EB00D5376B /* ContentView.swift in Sources */,
				F8C6701E2BA03F70000E1EFB /* History.swift in Sources */,
				F80BB0A72BA05D2B004A2556 /* OrderClass.swift in Sources */,
				F8A42E482BA023EB00D5376B /* Login_FormApp.swift in Sources */,
				F80BB0AE2BA075F0004A2556 /* data.swift in Sources */,
				F80BB06F2BA04968004A2556 /* HistoryView.swift in Sources */,
				F80BB0B02BA0894F004A2556 /* loginUI.swift in Sources */,
			);
			runOnlyForDeploymentPostprocessing = 0;
		};
		F8A42E502BA023EC00D5376B /* Sources */ = {
			isa = PBXSourcesBuildPhase;
			buildActionMask = 2147483647;
			files = (
				F8A42E592BA023EC00D5376B /* Login_FormTests.swift in Sources */,
			);
			runOnlyForDeploymentPostprocessing = 0;
		};
		F8A42E5A2BA023EC00D5376B /* Sources */ = {
			isa = PBXSourcesBuildPhase;
			buildActionMask = 2147483647;
			files = (
				F8A42E652BA023EC00D5376B /* Login_FormUITestsLaunchTests.swift in Sources */,
				F8A42E632BA023EC00D5376B /* Login_FormUITests.swift in Sources */,
			);
			runOnlyForDeploymentPostprocessing = 0;
		};
/* End PBXSourcesBuildPhase section */

/* Begin PBXTargetDependency section */
		F8A42E562BA023EC00D5376B /* PBXTargetDependency */ = {
			isa = PBXTargetDependency;
			target = F8A42E432BA023EB00D5376B /* Login Form */;
			targetProxy = F8A42E552BA023EC00D5376B /* PBXContainerItemProxy */;
		};
		F8A42E602BA023EC00D5376B /* PBXTargetDependency */ = {
			isa = PBXTargetDependency;
			target = F8A42E432BA023EB00D5376B /* Login Form */;
			targetProxy = F8A42E5F2BA023EC00D5376B /* PBXContainerItemProxy */;
		};
/* End PBXTargetDependency section */

/* Begin XCBuildConfiguration section */
		F8A42E662BA023EC00D5376B /* Debug */ = {
			isa = XCBuildConfiguration;
			buildSettings = {
				ALWAYS_SEARCH_USER_PATHS = NO;
				ASSETCATALOG_COMPILER_GENERATE_SWIFT_ASSET_SYMBOL_EXTENSIONS = YES;
				CLANG_ANALYZER_NONNULL = YES;
				CLANG_ANALYZER_NUMBER_OBJECT_CONVERSION = YES_AGGRESSIVE;
				CLANG_CXX_LANGUAGE_STANDARD = "gnu++20";
				CLANG_ENABLE_MODULES = YES;
				CLANG_ENABLE_OBJC_ARC = YES;
				CLANG_ENABLE_OBJC_WEAK = YES;
				CLANG_WARN_BLOCK_CAPTURE_AUTORELEASING = YES;
				CLANG_WARN_BOOL_CONVERSION = YES;
				CLANG_WARN_COMMA = YES;
				CLANG_WARN_CONSTANT_CONVERSION = YES;
				CLANG_WARN_DEPRECATED_OBJC_IMPLEMENTATIONS = YES;
				CLANG_WARN_DIRECT_OBJC_ISA_USAGE = YES_ERROR;
				CLANG_WARN_DOCUMENTATION_COMMENTS = YES;
				CLANG_WARN_EMPTY_BODY = YES;
				CLANG_WARN_ENUM_CONVERSION = YES;
				CLANG_WARN_INFINITE_RECURSION = YES;
				CLANG_WARN_INT_CONVERSION = YES;
				CLANG_WARN_NON_LITERAL_NULL_CONVERSION = YES;
				CLANG_WARN_OBJC_IMPLICIT_RETAIN_SELF = YES;
				CLANG_WARN_OBJC_LITERAL_CONVERSION = YES;
				CLANG_WARN_OBJC_ROOT_CLASS = YES_ERROR;
				CLANG_WARN_QUOTED_INCLUDE_IN_FRAMEWORK_HEADER = YES;
				CLANG_WARN_RANGE_LOOP_ANALYSIS = YES;
				CLANG_WARN_STRICT_PROTOTYPES = YES;
				CLANG_WARN_SUSPICIOUS_MOVE = YES;
				CLANG_WARN_UNGUARDED_AVAILABILITY = YES_AGGRESSIVE;
				CLANG_WARN_UNREACHABLE_CODE = YES;
				CLANG_WARN__DUPLICATE_METHOD_MATCH = YES;
				COPY_PHASE_STRIP = NO;
				DEBUG_INFORMATION_FORMAT = dwarf;
				ENABLE_STRICT_OBJC_MSGSEND = YES;
				ENABLE_TESTABILITY = YES;
				ENABLE_USER_SCRIPT_SANDBOXING = YES;
				GCC_C_LANGUAGE_STANDARD = gnu17;
				GCC_DYNAMIC_NO_PIC = NO;
				GCC_NO_COMMON_BLOCKS = YES;
				GCC_OPTIMIZATION_LEVEL = 0;
				GCC_PREPROCESSOR_DEFINITIONS = (
					"DEBUG=1",
					"$(inherited)",
				);
				GCC_WARN_64_TO_32_BIT_CONVERSION = YES;
				GCC_WARN_ABOUT_RETURN_TYPE = YES_ERROR;
				GCC_WARN_UNDECLARED_SELECTOR = YES;
				GCC_WARN_UNINITIALIZED_AUTOS = YES_AGGRESSIVE;
				GCC_WARN_UNUSED_FUNCTION = YES;
				GCC_WARN_UNUSED_VARIABLE = YES;
				IPHONEOS_DEPLOYMENT_TARGET = 17.2;
				LOCALIZATION_PREFERS_STRING_CATALOGS = YES;
				MTL_ENABLE_DEBUG_INFO = INCLUDE_SOURCE;
				MTL_FAST_MATH = YES;
				ONLY_ACTIVE_ARCH = YES;
				SDKROOT = iphoneos;
				SWIFT_ACTIVE_COMPILATION_CONDITIONS = "DEBUG $(inherited)";
				SWIFT_OPTIMIZATION_LEVEL = "-Onone";
			};
			name = Debug;
		};
		F8A42E672BA023EC00D5376B /* Release */ = {
			isa = XCBuildConfiguration;
			buildSettings = {
				ALWAYS_SEARCH_USER_PATHS = NO;
				ASSETCATALOG_COMPILER_GENERATE_SWIFT_ASSET_SYMBOL_EXTENSIONS = YES;
				CLANG_ANALYZER_NONNULL = YES;
				CLANG_ANALYZER_NUMBER_OBJECT_CONVERSION = YES_AGGRESSIVE;
				CLANG_CXX_LANGUAGE_STANDARD = "gnu++20";
				CLANG_ENABLE_MODULES = YES;
				CLANG_ENABLE_OBJC_ARC = YES;
				CLANG_ENABLE_OBJC_WEAK = YES;
				CLANG_WARN_BLOCK_CAPTURE_AUTORELEASING = YES;
				CLANG_WARN_BOOL_CONVERSION = YES;
				CLANG_WARN_COMMA = YES;
				CLANG_WARN_CONSTANT_CONVERSION = YES;
				CLANG_WARN_DEPRECATED_OBJC_IMPLEMENTATIONS = YES;
				CLANG_WARN_DIRECT_OBJC_ISA_USAGE = YES_ERROR;
				CLANG_WARN_DOCUMENTATION_COMMENTS = YES;
				CLANG_WARN_EMPTY_BODY = YES;
				CLANG_WARN_ENUM_CONVERSION = YES;
				CLANG_WARN_INFINITE_RECURSION = YES;
				CLANG_WARN_INT_CONVERSION = YES;
				CLANG_WARN_NON_LITERAL_NULL_CONVERSION = YES;
				CLANG_WARN_OBJC_IMPLICIT_RETAIN_SELF = YES;
				CLANG_WARN_OBJC_LITERAL_CONVERSION = YES;
				CLANG_WARN_OBJC_ROOT_CLASS = YES_ERROR;
				CLANG_WARN_QUOTED_INCLUDE_IN_FRAMEWORK_HEADER = YES;
				CLANG_WARN_RANGE_LOOP_ANALYSIS = YES;
				CLANG_WARN_STRICT_PROTOTYPES = YES;
				CLANG_WARN_SUSPICIOUS_MOVE = YES;
				CLANG_WARN_UNGUARDED_AVAILABILITY = YES_AGGRESSIVE;
				CLANG_WARN_UNREACHABLE_CODE = YES;
				CLANG_WARN__DUPLICATE_METHOD_MATCH = YES;
				COPY_PHASE_STRIP = NO;
				DEBUG_INFORMATION_FORMAT = "dwarf-with-dsym";
				ENABLE_NS_ASSERTIONS = NO;
				ENABLE_STRICT_OBJC_MSGSEND = YES;
				ENABLE_USER_SCRIPT_SANDBOXING = YES;
				GCC_C_LANGUAGE_STANDARD = gnu17;
				GCC_NO_COMMON_BLOCKS = YES;
				GCC_WARN_64_TO_32_BIT_CONVERSION = YES;
				GCC_WARN_ABOUT_RETURN_TYPE = YES_ERROR;
				GCC_WARN_UNDECLARED_SELECTOR = YES;
				GCC_WARN_UNINITIALIZED_AUTOS = YES_AGGRESSIVE;
				GCC_WARN_UNUSED_FUNCTION = YES;
				GCC_WARN_UNUSED_VARIABLE = YES;
				IPHONEOS_DEPLOYMENT_TARGET = 17.2;
				LOCALIZATION_PREFERS_STRING_CATALOGS = YES;
				MTL_ENABLE_DEBUG_INFO = NO;
				MTL_FAST_MATH = YES;
				SDKROOT = iphoneos;
				SWIFT_COMPILATION_MODE = wholemodule;
				VALIDATE_PRODUCT = YES;
			};
			name = Release;
		};
		F8A42E692BA023EC00D5376B /* Debug */ = {
			isa = XCBuildConfiguration;
			buildSettings = {
				ASSETCATALOG_COMPILER_APPICON_NAME = AppIcon;
				ASSETCATALOG_COMPILER_GLOBAL_ACCENT_COLOR_NAME = AccentColor;
				CODE_SIGN_STYLE = Automatic;
				CURRENT_PROJECT_VERSION = 1;
				DEVELOPMENT_ASSET_PATHS = "\"Login Form/Preview Content\"";
				ENABLE_PREVIEWS = YES;
				GENERATE_INFOPLIST_FILE = YES;
				INFOPLIST_KEY_NSCameraUsageDescription = "We need a camera to scan QR codes.";
				INFOPLIST_KEY_UIApplicationSceneManifest_Generation = YES;
				INFOPLIST_KEY_UIApplicationSupportsIndirectInputEvents = YES;
				INFOPLIST_KEY_UILaunchScreen_Generation = YES;
				INFOPLIST_KEY_UISupportedInterfaceOrientations_iPad = "UIInterfaceOrientationPortrait UIInterfaceOrientationPortraitUpsideDown UIInterfaceOrientationLandscapeLeft UIInterfaceOrientationLandscapeRight";
				INFOPLIST_KEY_UISupportedInterfaceOrientations_iPhone = "UIInterfaceOrientationPortrait UIInterfaceOrientationLandscapeLeft UIInterfaceOrientationLandscapeRight";
				LD_RUNPATH_SEARCH_PATHS = (
					"$(inherited)",
					"@executable_path/Frameworks",
				);
				MARKETING_VERSION = 1.0;
				PRODUCT_BUNDLE_IDENTIFIER = "com.kik.Login-Form";
				PRODUCT_NAME = "$(TARGET_NAME)";
				SWIFT_EMIT_LOC_STRINGS = YES;
				SWIFT_VERSION = 5.0;
				TARGETED_DEVICE_FAMILY = "1,2";
			};
			name = Debug;
		};
		F8A42E6A2BA023EC00D5376B /* Release */ = {
			isa = XCBuildConfiguration;
			buildSettings = {
				ASSETCATALOG_COMPILER_APPICON_NAME = AppIcon;
				ASSETCATALOG_COMPILER_GLOBAL_ACCENT_COLOR_NAME = AccentColor;
				CODE_SIGN_STYLE = Automatic;
				CURRENT_PROJECT_VERSION = 1;
				DEVELOPMENT_ASSET_PATHS = "\"Login Form/Preview Content\"";
				ENABLE_PREVIEWS = YES;
				GENERATE_INFOPLIST_FILE = YES;
				INFOPLIST_KEY_NSCameraUsageDescription = "We need a camera to scan QR codes.";
				INFOPLIST_KEY_UIApplicationSceneManifest_Generation = YES;
				INFOPLIST_KEY_UIApplicationSupportsIndirectInputEvents = YES;
				INFOPLIST_KEY_UILaunchScreen_Generation = YES;
				INFOPLIST_KEY_UISupportedInterfaceOrientations_iPad = "UIInterfaceOrientationPortrait UIInterfaceOrientationPortraitUpsideDown UIInterfaceOrientationLandscapeLeft UIInterfaceOrientationLandscapeRight";
				INFOPLIST_KEY_UISupportedInterfaceOrientations_iPhone = "UIInterfaceOrientationPortrait UIInterfaceOrientationLandscapeLeft UIInterfaceOrientationLandscapeRight";
				LD_RUNPATH_SEARCH_PATHS = (
					"$(inherited)",
					"@executable_path/Frameworks",
				);
				MARKETING_VERSION = 1.0;
				PRODUCT_BUNDLE_IDENTIFIER = "com.kik.Login-Form";
				PRODUCT_NAME = "$(TARGET_NAME)";
				SWIFT_EMIT_LOC_STRINGS = YES;
				SWIFT_VERSION = 5.0;
				TARGETED_DEVICE_FAMILY = "1,2";
			};
			name = Release;
		};
		F8A42E6C2BA023EC00D5376B /* Debug */ = {
			isa = XCBuildConfiguration;
			buildSettings = {
				ALWAYS_EMBED_SWIFT_STANDARD_LIBRARIES = YES;
				BUNDLE_LOADER = "$(TEST_HOST)";
				CODE_SIGN_STYLE = Automatic;
				CURRENT_PROJECT_VERSION = 1;
				GENERATE_INFOPLIST_FILE = YES;
				IPHONEOS_DEPLOYMENT_TARGET = 17.2;
				MARKETING_VERSION = 1.0;
				PRODUCT_BUNDLE_IDENTIFIER = "com.kik.Login-FormTests";
				PRODUCT_NAME = "$(TARGET_NAME)";
				SWIFT_EMIT_LOC_STRINGS = NO;
				SWIFT_VERSION = 5.0;
				TARGETED_DEVICE_FAMILY = "1,2";
				TEST_HOST = "$(BUILT_PRODUCTS_DIR)/Login Form.app/$(BUNDLE_EXECUTABLE_FOLDER_PATH)/Login Form";
			};
			name = Debug;
		};
		F8A42E6D2BA023EC00D5376B /* Release */ = {
			isa = XCBuildConfiguration;
			buildSettings = {
				ALWAYS_EMBED_SWIFT_STANDARD_LIBRARIES = YES;
				BUNDLE_LOADER = "$(TEST_HOST)";
				CODE_SIGN_STYLE = Automatic;
				CURRENT_PROJECT_VERSION = 1;
				GENERATE_INFOPLIST_FILE = YES;
				IPHONEOS_DEPLOYMENT_TARGET = 17.2;
				MARKETING_VERSION = 1.0;
				PRODUCT_BUNDLE_IDENTIFIER = "com.kik.Login-FormTests";
				PRODUCT_NAME = "$(TARGET_NAME)";
				SWIFT_EMIT_LOC_STRINGS = NO;
				SWIFT_VERSION = 5.0;
				TARGETED_DEVICE_FAMILY = "1,2";
				TEST_HOST = "$(BUILT_PRODUCTS_DIR)/Login Form.app/$(BUNDLE_EXECUTABLE_FOLDER_PATH)/Login Form";
			};
			name = Release;
		};
		F8A42E6F2BA023EC00D5376B /* Debug */ = {
			isa = XCBuildConfiguration;
			buildSettings = {
				ALWAYS_EMBED_SWIFT_STANDARD_LIBRARIES = YES;
				CODE_SIGN_STYLE = Automatic;
				CURRENT_PROJECT_VERSION = 1;
				GENERATE_INFOPLIST_FILE = YES;
				MARKETING_VERSION = 1.0;
				PRODUCT_BUNDLE_IDENTIFIER = "com.kik.Login-FormUITests";
				PRODUCT_NAME = "$(TARGET_NAME)";
				SWIFT_EMIT_LOC_STRINGS = NO;
				SWIFT_VERSION = 5.0;
				TARGETED_DEVICE_FAMILY = "1,2";
				TEST_TARGET_NAME = "Login Form";
			};
			name = Debug;
		};
		F8A42E702BA023EC00D5376B /* Release */ = {
			isa = XCBuildConfiguration;
			buildSettings = {
				ALWAYS_EMBED_SWIFT_STANDARD_LIBRARIES = YES;
				CODE_SIGN_STYLE = Automatic;
				CURRENT_PROJECT_VERSION = 1;
				GENERATE_INFOPLIST_FILE = YES;
				MARKETING_VERSION = 1.0;
				PRODUCT_BUNDLE_IDENTIFIER = "com.kik.Login-FormUITests";
				PRODUCT_NAME = "$(TARGET_NAME)";
				SWIFT_EMIT_LOC_STRINGS = NO;
				SWIFT_VERSION = 5.0;
				TARGETED_DEVICE_FAMILY = "1,2";
				TEST_TARGET_NAME = "Login Form";
			};
			name = Release;
		};
/* End XCBuildConfiguration section */

/* Begin XCConfigurationList section */
		F8A42E3F2BA023EB00D5376B /* Build configuration list for PBXProject "Login Form" */ = {
			isa = XCConfigurationList;
			buildConfigurations = (
				F8A42E662BA023EC00D5376B /* Debug */,
				F8A42E672BA023EC00D5376B /* Release */,
			);
			defaultConfigurationIsVisible = 0;
			defaultConfigurationName = Release;
		};
		F8A42E682BA023EC00D5376B /* Build configuration list for PBXNativeTarget "Login Form" */ = {
			isa = XCConfigurationList;
			buildConfigurations = (
				F8A42E692BA023EC00D5376B /* Debug */,
				F8A42E6A2BA023EC00D5376B /* Release */,
			);
			defaultConfigurationIsVisible = 0;
			defaultConfigurationName = Release;
		};
		F8A42E6B2BA023EC00D5376B /* Build configuration list for PBXNativeTarget "Login FormTests" */ = {
			isa = XCConfigurationList;
			buildConfigurations = (
				F8A42E6C2BA023EC00D5376B /* Debug */,
				F8A42E6D2BA023EC00D5376B /* Release */,
			);
			defaultConfigurationIsVisible = 0;
			defaultConfigurationName = Release;
		};
		F8A42E6E2BA023EC00D5376B /* Build configuration list for PBXNativeTarget "Login FormUITests" */ = {
			isa = XCConfigurationList;
			buildConfigurations = (
				F8A42E6F2BA023EC00D5376B /* Debug */,
				F8A42E702BA023EC00D5376B /* Release */,
			);
			defaultConfigurationIsVisible = 0;
			defaultConfigurationName = Release;
		};
/* End XCConfigurationList section */

/* Begin XCRemoteSwiftPackageReference section */
		F80BB0AA2BA07557004A2556 /* XCRemoteSwiftPackageReference "CodeScanner" */ = {
			isa = XCRemoteSwiftPackageReference;
			repositoryURL = "https://github.com/twostraws/CodeScanner";
			requirement = {
				kind = upToNextMajorVersion;
				minimumVersion = 2.4.0;
			};
		};
/* End XCRemoteSwiftPackageReference section */

/* Begin XCSwiftPackageProductDependency section */
		F80BB0AB2BA07557004A2556 /* CodeScanner */ = {
			isa = XCSwiftPackageProductDependency;
			package = F80BB0AA2BA07557004A2556 /* XCRemoteSwiftPackageReference "CodeScanner" */;
			productName = CodeScanner;
		};
/* End XCSwiftPackageProductDependency section */
	};
	rootObject = F8A42E3C2BA023EB00D5376B /* Project object */;
}
